{
  "name": "ngx-arc-text",
  "version": "0.0.1",
  "lockfileVersion": 1,
  "requires": true,
  "dependencies": {
    "arc-text": {
      "version": "1.0.1",
      "resolved": "http://npm.tmtfactory.com/arc-text/-/arc-text-1.0.1.tgz",
      "integrity": "sha512-cnK4gxPY2qm4PWdzA0PS2JkPEq1kSTgc04vLKuY0srOQNqfpSlFqJ4zalELeUPT+L5NXufHACCr8lsvgj4hnvQ=="
    }
  }
}
